
Microsoft Visual Studio Solution File, Format Version 12.00
# Visual Studio Version 16
VisualStudioVersion = 16.0.31702.278
MinimumVisualStudioVersion = 10.0.40219.1
Project("{FAE04EC0-301F-11D3-BF4B-00C04F79EFBC}") = "dotnet-v12", "dotnet-v12.csproj", "{0D1B6336-D7DC-439F-918F-773D3542AFBC}"
EndProject
Global
	GlobalSection(SolutionConfigurationPlatforms) = preSolution
		Debug|Any CPU = Debug|Any CPU
		Release|Any CPU = Release|Any CPU
	EndGlobalSection
	GlobalSection(ProjectConfigurationPlatforms) = postSolution
		{0D1B6336-D7DC-439F-918F-773D3542AFBC}.Debug|Any CPU.ActiveCfg = Debug|Any CPU
		{0D1B6336-D7DC-439F-918F-773D3542AFBC}.Debug|Any CPU.Build.0 = Debug|Any CPU
		{0D1B6336-D7DC-439F-918F-773D3542AFBC}.Release|Any CPU.ActiveCfg = Release|Any CPU
		{0D1B6336-D7DC-439F-918F-773D3542AFBC}.Release|Any CPU.Build.0 = Release|Any CPU
	EndGlobalSection
	GlobalSection(SolutionProperties) = preSolution
		HideSolutionNode = FALSE
	EndGlobalSection
	GlobalSection(ExtensibilityGlobals) = postSolution
		SolutionGuid = {02746F27-A99F-434F-8DF1-FEC50052341F}
	EndGlobalSection
EndGlobal
