
Microsoft Visual Studio Solution File, Format Version 12.00
# Visual Studio Version 16
VisualStudioVersion = 16.0.30204.135
MinimumVisualStudioVersion = 10.0.40219.1
Project("{9A19103F-16F7-4668-BE54-9A1E7A4F7556}") = "dotnet-v12", "dotnet-v12.csproj", "{32E40585-C235-46F6-8227-09BBEA23CE58}"
EndProject
Global
	GlobalSection(SolutionConfigurationPlatforms) = preSolution
		Debug|Any CPU = Debug|Any CPU
		Release|Any CPU = Release|Any CPU
	EndGlobalSection
	GlobalSection(ProjectConfigurationPlatforms) = postSolution
		{32E40585-C235-46F6-8227-09BBEA23CE58}.Debug|Any CPU.ActiveCfg = Debug|Any CPU
		{32E40585-C235-46F6-8227-09BBEA23CE58}.Debug|Any CPU.Build.0 = Debug|Any CPU
		{32E40585-C235-46F6-8227-09BBEA23CE58}.Release|Any CPU.ActiveCfg = Release|Any CPU
		{32E40585-C235-46F6-8227-09BBEA23CE58}.Release|Any CPU.Build.0 = Release|Any CPU
	EndGlobalSection
	GlobalSection(SolutionProperties) = preSolution
		HideSolutionNode = FALSE
	EndGlobalSection
	GlobalSection(ExtensibilityGlobals) = postSolution
		SolutionGuid = {F6C665C4-1D12-467E-912B-68A0B9CEF065}
	EndGlobalSection
EndGlobal
