
Microsoft Visual Studio Solution File, Format Version 12.00
# Visual Studio Version 17
VisualStudioVersion = 17.4.33403.182
MinimumVisualStudioVersion = 10.0.40219.1
Project("{9A19103F-16F7-4668-BE54-9A1E7A4F7556}") = "BlobDevGuideBlobs", "BlobDevGuideBlobs.csproj", "{BCC7B671-89FB-4AC3-9995-A3CB6AB7ACB7}"
EndProject
Global
	GlobalSection(SolutionConfigurationPlatforms) = preSolution
		Debug|Any CPU = Debug|Any CPU
		Release|Any CPU = Release|Any CPU
	EndGlobalSection
	GlobalSection(ProjectConfigurationPlatforms) = postSolution
		{BCC7B671-89FB-4AC3-9995-A3CB6AB7ACB7}.Debug|Any CPU.ActiveCfg = Debug|Any CPU
		{BCC7B671-89FB-4AC3-9995-A3CB6AB7ACB7}.Debug|Any CPU.Build.0 = Debug|Any CPU
		{BCC7B671-89FB-4AC3-9995-A3CB6AB7ACB7}.Release|Any CPU.ActiveCfg = Release|Any CPU
		{BCC7B671-89FB-4AC3-9995-A3CB6AB7ACB7}.Release|Any CPU.Build.0 = Release|Any CPU
	EndGlobalSection
	GlobalSection(SolutionProperties) = preSolution
		HideSolutionNode = FALSE
	EndGlobalSection
	GlobalSection(ExtensibilityGlobals) = postSolution
		SolutionGuid = {49577A92-911D-477A-A321-C9DABA41F9FA}
	EndGlobalSection
EndGlobal
